
Microsoft Visual Studio Solution File, Format Version 12.00
# Visual Studio 2013
VisualStudioVersion = 12.0.31101.0
MinimumVisualStudioVersion = 10.0.40219.1
Project("{FAE04EC0-301F-11D3-BF4B-00C04F79EFBC}") = "DAL", "DAL\DAL.csproj", "{A2957CBC-3B15-4AE1-AAB2-8884D893A308}"
EndProject
Project("{FAE04EC0-301F-11D3-BF4B-00C04F79EFBC}") = "Business", "Business\Business.csproj", "{A073288D-F301-4D77-A8FC-9A3EBD474124}"
EndProject
Project("{FAE04EC0-301F-11D3-BF4B-00C04F79EFBC}") = "Heuristics", "Heuristics\Heuristics.csproj", "{4A2F573C-1232-42CA-AD79-28DA3256FAC2}"
EndProject
Project("{FAE04EC0-301F-11D3-BF4B-00C04F79EFBC}") = "Tests", "Tests\Tests.csproj", "{D6D663C3-EEAE-471B-AC96-F5C1B18DA2A1}"
EndProject
Project("{FAE04EC0-301F-11D3-BF4B-00C04F79EFBC}") = "Tools", "Tools\Tools.csproj", "{01955388-10E1-4846-8DF9-AF46E521C501}"
EndProject
Project("{FAE04EC0-301F-11D3-BF4B-00C04F79EFBC}") = "ToDelete", "ToDelete\ToDelete.csproj", "{C1A7D14E-F71F-46AF-9D39-5ABCD87B4206}"
EndProject
Global
	GlobalSection(SolutionConfigurationPlatforms) = preSolution
		Debug|Any CPU = Debug|Any CPU
		Release|Any CPU = Release|Any CPU
	EndGlobalSection
	GlobalSection(ProjectConfigurationPlatforms) = postSolution
		{A2957CBC-3B15-4AE1-AAB2-8884D893A308}.Debug|Any CPU.ActiveCfg = Debug|Any CPU
		{A2957CBC-3B15-4AE1-AAB2-8884D893A308}.Debug|Any CPU.Build.0 = Debug|Any CPU
		{A2957CBC-3B15-4AE1-AAB2-8884D893A308}.Release|Any CPU.ActiveCfg = Release|Any CPU
		{A2957CBC-3B15-4AE1-AAB2-8884D893A308}.Release|Any CPU.Build.0 = Release|Any CPU
		{A073288D-F301-4D77-A8FC-9A3EBD474124}.Debug|Any CPU.ActiveCfg = Debug|Any CPU
		{A073288D-F301-4D77-A8FC-9A3EBD474124}.Debug|Any CPU.Build.0 = Debug|Any CPU
		{A073288D-F301-4D77-A8FC-9A3EBD474124}.Release|Any CPU.ActiveCfg = Release|Any CPU
		{A073288D-F301-4D77-A8FC-9A3EBD474124}.Release|Any CPU.Build.0 = Release|Any CPU
		{4A2F573C-1232-42CA-AD79-28DA3256FAC2}.Debug|Any CPU.ActiveCfg = Debug|Any CPU
		{4A2F573C-1232-42CA-AD79-28DA3256FAC2}.Debug|Any CPU.Build.0 = Debug|Any CPU
		{4A2F573C-1232-42CA-AD79-28DA3256FAC2}.Release|Any CPU.ActiveCfg = Release|Any CPU
		{4A2F573C-1232-42CA-AD79-28DA3256FAC2}.Release|Any CPU.Build.0 = Release|Any CPU
		{D6D663C3-EEAE-471B-AC96-F5C1B18DA2A1}.Debug|Any CPU.ActiveCfg = Debug|Any CPU
		{D6D663C3-EEAE-471B-AC96-F5C1B18DA2A1}.Debug|Any CPU.Build.0 = Debug|Any CPU
		{D6D663C3-EEAE-471B-AC96-F5C1B18DA2A1}.Release|Any CPU.ActiveCfg = Release|Any CPU
		{D6D663C3-EEAE-471B-AC96-F5C1B18DA2A1}.Release|Any CPU.Build.0 = Release|Any CPU
		{01955388-10E1-4846-8DF9-AF46E521C501}.Debug|Any CPU.ActiveCfg = Debug|Any CPU
		{01955388-10E1-4846-8DF9-AF46E521C501}.Debug|Any CPU.Build.0 = Debug|Any CPU
		{01955388-10E1-4846-8DF9-AF46E521C501}.Release|Any CPU.ActiveCfg = Release|Any CPU
		{01955388-10E1-4846-8DF9-AF46E521C501}.Release|Any CPU.Build.0 = Release|Any CPU
		{C1A7D14E-F71F-46AF-9D39-5ABCD87B4206}.Debug|Any CPU.ActiveCfg = Debug|Any CPU
		{C1A7D14E-F71F-46AF-9D39-5ABCD87B4206}.Debug|Any CPU.Build.0 = Debug|Any CPU
		{C1A7D14E-F71F-46AF-9D39-5ABCD87B4206}.Release|Any CPU.ActiveCfg = Release|Any CPU
		{C1A7D14E-F71F-46AF-9D39-5ABCD87B4206}.Release|Any CPU.Build.0 = Release|Any CPU
	EndGlobalSection
	GlobalSection(SolutionProperties) = preSolution
		HideSolutionNode = FALSE
	EndGlobalSection
EndGlobal
